
Microsoft Visual Studio Solution File, Format Version 12.00
# Visual Studio Version 17
VisualStudioVersion = 17.3.32929.385
MinimumVisualStudioVersion = 10.0.40219.1
Project("{9A19103F-16F7-4668-BE54-9A1E7A4F7556}") = "Libros.API", "Libros.API\Libros.API.csproj", "{7B3A2CC9-C143-45F2-AA15-89593397F04D}"
EndProject
Project("{9A19103F-16F7-4668-BE54-9A1E7A4F7556}") = "Libros.Domain", "Libros.Domain\Libros.Domain.csproj", "{5483D91F-AF38-485C-9ABB-DFD626A6ABB7}"
EndProject
Project("{9A19103F-16F7-4668-BE54-9A1E7A4F7556}") = "Libros.Infrastructure", "Libros.Infrastructure\Libros.Infrastructure.csproj", "{07C10E83-0451-4F0A-9B83-CFE8203E9A01}"
EndProject
Global
	GlobalSection(SolutionConfigurationPlatforms) = preSolution
		Debug|Any CPU = Debug|Any CPU
		Release|Any CPU = Release|Any CPU
	EndGlobalSection
	GlobalSection(ProjectConfigurationPlatforms) = postSolution
		{7B3A2CC9-C143-45F2-AA15-89593397F04D}.Debug|Any CPU.ActiveCfg = Debug|Any CPU
		{7B3A2CC9-C143-45F2-AA15-89593397F04D}.Debug|Any CPU.Build.0 = Debug|Any CPU
		{7B3A2CC9-C143-45F2-AA15-89593397F04D}.Release|Any CPU.ActiveCfg = Release|Any CPU
		{7B3A2CC9-C143-45F2-AA15-89593397F04D}.Release|Any CPU.Build.0 = Release|Any CPU
		{5483D91F-AF38-485C-9ABB-DFD626A6ABB7}.Debug|Any CPU.ActiveCfg = Debug|Any CPU
		{5483D91F-AF38-485C-9ABB-DFD626A6ABB7}.Debug|Any CPU.Build.0 = Debug|Any CPU
		{5483D91F-AF38-485C-9ABB-DFD626A6ABB7}.Release|Any CPU.ActiveCfg = Release|Any CPU
		{5483D91F-AF38-485C-9ABB-DFD626A6ABB7}.Release|Any CPU.Build.0 = Release|Any CPU
		{07C10E83-0451-4F0A-9B83-CFE8203E9A01}.Debug|Any CPU.ActiveCfg = Debug|Any CPU
		{07C10E83-0451-4F0A-9B83-CFE8203E9A01}.Debug|Any CPU.Build.0 = Debug|Any CPU
		{07C10E83-0451-4F0A-9B83-CFE8203E9A01}.Release|Any CPU.ActiveCfg = Release|Any CPU
		{07C10E83-0451-4F0A-9B83-CFE8203E9A01}.Release|Any CPU.Build.0 = Release|Any CPU
	EndGlobalSection
	GlobalSection(SolutionProperties) = preSolution
		HideSolutionNode = FALSE
	EndGlobalSection
	GlobalSection(ExtensibilityGlobals) = postSolution
		SolutionGuid = {C96BAFF2-898D-4070-89E4-8A4575F73818}
	EndGlobalSection
EndGlobal
